{
  "projects": [
    {
      "projectId": "seaQhLVS4bbjiGvJJrRwyL",
      "version": "15.0.3",
      "dependencies": {},
      "lang": "ts",
      "fileLocks": [
        {
          "assetId": "seaQhLVS4bbjiGvJJrRwyL",
          "type": "projectCss",
          "checksum": "8b140f54acb9f4aedf0b769d566851ea"
        }
      ],
      "codegenVersion": "0.0.1"
    },
    {
      "projectId": "a6DipB8QpCpKA67GUeQ1zH",
      "version": "latest",
      "dependencies": {
        "seaQhLVS4bbjiGvJJrRwyL": "15.0.3"
      },
      "lang": "ts",
      "fileLocks": [
        {
          "type": "globalVariant",
          "assetId": "AivqEbSXyMHM",
          "checksum": "09f2825aff83a55452422ed410d72a4f"
        },
        {
          "assetId": "a6DipB8QpCpKA67GUeQ1zH",
          "type": "projectCss",
          "checksum": "5294b07b197f1c299c410e026c9a2925"
        },
        {
          "type": "renderModule",
          "assetId": "iyWVk_i71ToX",
          "checksum": "1d7b634dc4d85bef6899f7d66f3081ff"
        },
        {
          "type": "cssRules",
          "assetId": "iyWVk_i71ToX",
          "checksum": "1d7b634dc4d85bef6899f7d66f3081ff"
        },
        {
          "type": "renderModule",
          "assetId": "H_FQvVQXsCKf",
          "checksum": "d76470d64be4868bfecbf937a3e9c1a5"
        },
        {
          "type": "cssRules",
          "assetId": "H_FQvVQXsCKf",
          "checksum": "d76470d64be4868bfecbf937a3e9c1a5"
        },
        {
          "type": "renderModule",
          "assetId": "HsNK5ebTR0fC",
          "checksum": "30507ca95ab631e4fbff24b8bbed6594"
        },
        {
          "type": "cssRules",
          "assetId": "HsNK5ebTR0fC",
          "checksum": "30507ca95ab631e4fbff24b8bbed6594"
        },
        {
          "type": "renderModule",
          "assetId": "No0fu08c8RY0",
          "checksum": "8cdb4e85f6c82ca4731584dc630c7f12"
        },
        {
          "type": "cssRules",
          "assetId": "No0fu08c8RY0",
          "checksum": "8cdb4e85f6c82ca4731584dc630c7f12"
        },
        {
          "type": "renderModule",
          "assetId": "Fa-xvMQlozvg",
          "checksum": "9d1c4c5b75912cca4eb8f00c2f5f6910"
        },
        {
          "type": "cssRules",
          "assetId": "Fa-xvMQlozvg",
          "checksum": "9d1c4c5b75912cca4eb8f00c2f5f6910"
        },
        {
          "type": "renderModule",
          "assetId": "0DcRn4RWBefW",
          "checksum": "7e46116e332a63dd994f5462ea52ac5a"
        },
        {
          "type": "cssRules",
          "assetId": "0DcRn4RWBefW",
          "checksum": "7e46116e332a63dd994f5462ea52ac5a"
        },
        {
          "type": "renderModule",
          "assetId": "_m5dRu-oVjUe",
          "checksum": "ebd660097ac542c3048dc14bde6ad466"
        },
        {
          "type": "cssRules",
          "assetId": "_m5dRu-oVjUe",
          "checksum": "ebd660097ac542c3048dc14bde6ad466"
        },
        {
          "type": "renderModule",
          "assetId": "R0iXjF82QZwu",
          "checksum": "21c9874e809b3a0f1b92d3751a630d06"
        },
        {
          "type": "cssRules",
          "assetId": "R0iXjF82QZwu",
          "checksum": "21c9874e809b3a0f1b92d3751a630d06"
        },
        {
          "type": "renderModule",
          "assetId": "JuwEOmGERcqq",
          "checksum": "4357497ad5deb2716795d0d35afe5130"
        },
        {
          "type": "cssRules",
          "assetId": "JuwEOmGERcqq",
          "checksum": "4357497ad5deb2716795d0d35afe5130"
        },
        {
          "type": "renderModule",
          "assetId": "HAxYssxr6o1S",
          "checksum": "d1f88254967c31395e61bc59a015fbb6"
        },
        {
          "type": "cssRules",
          "assetId": "HAxYssxr6o1S",
          "checksum": "d1f88254967c31395e61bc59a015fbb6"
        },
        {
          "type": "renderModule",
          "assetId": "915czgUntfeX",
          "checksum": "9215e318b4900ae9483169e25ed79fd7"
        },
        {
          "type": "cssRules",
          "assetId": "915czgUntfeX",
          "checksum": "9215e318b4900ae9483169e25ed79fd7"
        },
        {
          "type": "renderModule",
          "assetId": "EYd-hZyIjGXk",
          "checksum": "83700da5200e153611f1fb81af33274f"
        },
        {
          "type": "cssRules",
          "assetId": "EYd-hZyIjGXk",
          "checksum": "83700da5200e153611f1fb81af33274f"
        },
        {
          "type": "icon",
          "assetId": "n3wqtK0kVSJi",
          "checksum": "38d070813f0b52dee417eb69c1454a3e"
        },
        {
          "type": "icon",
          "assetId": "PvplD02V3Yb3",
          "checksum": "3c0bc45c0d8e49ce34b103da7a237166"
        },
        {
          "type": "icon",
          "assetId": "lVgKlqPGWjkn",
          "checksum": "755dd97b92d903f9b1c72b21adad8d68"
        },
        {
          "type": "icon",
          "assetId": "aPEnX6566dvp",
          "checksum": "06e5205728509c2ea0d11d4ba78497fd"
        },
        {
          "type": "icon",
          "assetId": "IyWDxcEYPghl",
          "checksum": "bc17bf1fc873af016acd7afe53833051"
        },
        {
          "type": "icon",
          "assetId": "aJ0jnFETXyPU",
          "checksum": "f4add32a26ca5a1b73f6e8806e70642e"
        },
        {
          "type": "icon",
          "assetId": "4A1R7KtXgQgW",
          "checksum": "1e513815b13ae9b405436fd8983e97a6"
        },
        {
          "type": "icon",
          "assetId": "inCkBQTwHsSs",
          "checksum": "f1b457694b46e21215ed561797bc5a24"
        },
        {
          "type": "icon",
          "assetId": "gWo5Nk9SpaQi",
          "checksum": "c5c1cfda61e429963bacee4a27fd8b27"
        },
        {
          "type": "icon",
          "assetId": "NZo5HGykEpjm",
          "checksum": "3472133689b2a265c71ae94313b246c5"
        },
        {
          "type": "icon",
          "assetId": "STleH7NdYC17",
          "checksum": "d4f379662c31f6085c5ee89d4b65d410"
        },
        {
          "type": "icon",
          "assetId": "LQLSFRXiO65Q",
          "checksum": "eb879e3a69214c3acb9e6f8905f36982"
        },
        {
          "type": "icon",
          "assetId": "bfbry6x0G5k-",
          "checksum": "0674501138ae414b60baf932a460531a"
        },
        {
          "type": "icon",
          "assetId": "uS9u2eSabBsc",
          "checksum": "d22274e3836a92b8904c1cede44128e6"
        },
        {
          "type": "icon",
          "assetId": "To7vvLPh2tI8",
          "checksum": "2fa55ece19600429ee8a9160132864d8"
        },
        {
          "type": "icon",
          "assetId": "jIJyVwK188Kp",
          "checksum": "4d34b029f96c7d61c057329be817d32f"
        },
        {
          "type": "icon",
          "assetId": "J8oZz8WkkHsh",
          "checksum": "f31f8fa77e06e90393a9e348b4b5f867"
        },
        {
          "type": "icon",
          "assetId": "vM84Bz-J9N01",
          "checksum": "0b8989742bdbbbfbe7ec68a9e305745a"
        },
        {
          "type": "icon",
          "assetId": "PDE7xavL_ool",
          "checksum": "868ee9cc575aa9eedbd21f0a39aee379"
        },
        {
          "type": "icon",
          "assetId": "kGqDBLYTsO-d",
          "checksum": "8f966d573165d21d0add3ddc03cdc42e"
        },
        {
          "type": "icon",
          "assetId": "Y--5hDXT9O2e",
          "checksum": "397a054579d8010b9972755618bd1953"
        },
        {
          "type": "icon",
          "assetId": "yetzjuODzzNu",
          "checksum": "6ee4f8f691f8a33ec22759bf13028dc1"
        },
        {
          "type": "icon",
          "assetId": "HDvbx3Llbn9W",
          "checksum": "5b1fdeebfd48f2d137fcd73f2aeb4c01"
        },
        {
          "type": "icon",
          "assetId": "HWxUF6904FIV",
          "checksum": "ac4881486c690b83d21e26b2693e108c"
        },
        {
          "type": "image",
          "assetId": "DkfwI_Oqfwsh",
          "checksum": "996bcb7dbd80a4dc91826a4c86a206c1"
        },
        {
          "type": "image",
          "assetId": "PLmJE_k-m2dB",
          "checksum": "7e58255edc93a79fa4b68ed0927dc5c2"
        },
        {
          "type": "image",
          "assetId": "Gj0wKHAgdt4r",
          "checksum": "ccf4af1d8234a64da21ae14518be5110"
        },
        {
          "type": "image",
          "assetId": "8egVcKkhtzjS",
          "checksum": "91816497add47b6e88ce4b0e2d32c5a4"
        },
        {
          "type": "image",
          "assetId": "WBSpmIpb14oS",
          "checksum": "fac02224930a98b3ddea216ae1fc823e"
        },
        {
          "type": "image",
          "assetId": "DD3WKCKTfPG4",
          "checksum": "27d49c2fc007feb7d8226f8c6490e2a9"
        },
        {
          "type": "image",
          "assetId": "2W2lZN4vy-ac",
          "checksum": "d7c96f29c09e130a543da84b017994dd"
        },
        {
          "type": "image",
          "assetId": "BGhTvsUZOIuh",
          "checksum": "d87a5591ddde9dee5cca89303cc96cea"
        },
        {
          "type": "image",
          "assetId": "mq7D3EiJrHjG",
          "checksum": "38f53549e12a64b3fedfb51dee7d402d"
        },
        {
          "type": "image",
          "assetId": "1WHjBlsTUw9C",
          "checksum": "e5187b25dd861dd99f09b986e4144abc"
        },
        {
          "type": "image",
          "assetId": "iaOjTo9mgXE6",
          "checksum": "e2c8a36518637b21dc47be0732c38809"
        },
        {
          "type": "image",
          "assetId": "R8aiTtyo_1Fh",
          "checksum": "6b29041131da03fb6788efb399e29184"
        },
        {
          "type": "image",
          "assetId": "pv9Idw9hwaQj",
          "checksum": "56b7ff4bb37018d8bd2378086caad183"
        },
        {
          "type": "image",
          "assetId": "Z0Sc6y5hiGXe",
          "checksum": "684280ca1e310495a2014fc2367f3157"
        },
        {
          "type": "image",
          "assetId": "8Dkx1CiV_VK1",
          "checksum": "49845b2bf89c5c13bef8c22638cf6c9a"
        },
        {
          "type": "image",
          "assetId": "QYZNBZ5QQKnv",
          "checksum": "58eacd70c7abe525650ec165f76948d1"
        },
        {
          "type": "image",
          "assetId": "Ryx8nzwQhnel",
          "checksum": "9219e39b459ca947185d2adbcfbaf169"
        },
        {
          "type": "image",
          "assetId": "14OMoBzqHmMJ",
          "checksum": "788703aa8e080391d84529b277ce0f0b"
        },
        {
          "type": "image",
          "assetId": "RNyx7OtycUoR",
          "checksum": "43b0d18bb9e031d68971a586b60da1e0"
        },
        {
          "type": "image",
          "assetId": "axIT9dwkrgjb",
          "checksum": "f0eff176349d6312bee4d03bec2e4908"
        },
        {
          "type": "image",
          "assetId": "Wg0EcYrDqJLg",
          "checksum": "0326848f0cb577c32216e9a3e681eef7"
        },
        {
          "type": "image",
          "assetId": "rvz304eMPYE6",
          "checksum": "ef0b4094c2cde3005548d01ce791c7a0"
        },
        {
          "type": "image",
          "assetId": "Mf91uS-dVzTE",
          "checksum": "639ec3cb30da3341a98eb4aab9420b87"
        },
        {
          "type": "image",
          "assetId": "ZEKxY9V661oc",
          "checksum": "54f373b0b4218109c1bd4485fd44eb02"
        },
        {
          "type": "image",
          "assetId": "3cgAYYzWOb6u",
          "checksum": "ae99aa63a1953dd9797dfc99a8acc02d"
        },
        {
          "type": "image",
          "assetId": "Zq7cukSRmbBt",
          "checksum": "003c5eb9d6fafa85fef2ff4d00b0c2b0"
        },
        {
          "type": "image",
          "assetId": "6pfvNztDCWdz",
          "checksum": "b3a84e877ebe708073d9bd5df8e59dd1"
        },
        {
          "type": "image",
          "assetId": "Lec_I59ofsuG",
          "checksum": "a847b678965dcdad1de74d72ff724761"
        },
        {
          "type": "image",
          "assetId": "2OzuB-V9wWW9",
          "checksum": "db22b6310c9d5ae9096a52c00617b7aa"
        },
        {
          "type": "image",
          "assetId": "L4Br7rXpPdok",
          "checksum": "2d972b77821515adcc1a59528e24ca4c"
        },
        {
          "type": "image",
          "assetId": "ZhYlFu0hTz4C",
          "checksum": "ae6b63af878f94151397eea1886bff11"
        },
        {
          "type": "image",
          "assetId": "G6_nvOD8aJtd",
          "checksum": "663a9736c08be6054ee03c0216fbb483"
        },
        {
          "type": "image",
          "assetId": "eMEoSTtaNRs0",
          "checksum": "d82467d30c26bc3ed24622ea50978ed1"
        },
        {
          "type": "image",
          "assetId": "GgveDxPHnlru",
          "checksum": "1079378e70f05aa9efbef153ca3738a7"
        },
        {
          "type": "image",
          "assetId": "OHOCzpIjoT0y",
          "checksum": "34f9252af01360ca8b42605d8ca41ffa"
        },
        {
          "type": "image",
          "assetId": "SurWPMAP_DmH",
          "checksum": "40fba32a22d7cb1968b2132c3b089add"
        },
        {
          "type": "image",
          "assetId": "EYswJm6mbqPp",
          "checksum": "c0813527419d363160a99ebe43a0c997"
        },
        {
          "type": "image",
          "assetId": "5YhlSejXOYcN",
          "checksum": "123180aa242c8b4d3dbeb625e8e22b9d"
        },
        {
          "type": "image",
          "assetId": "AObKA7HZv3dw",
          "checksum": "1db573977585be08017e5b0658a153bb"
        },
        {
          "type": "image",
          "assetId": "YRW5sl2cr0pV",
          "checksum": "8d92b96512bc544583ee4736ae4f3575"
        },
        {
          "type": "image",
          "assetId": "OUgzEqj8DyLO",
          "checksum": "be56f3362eed7b81804cc96bbe6f41f6"
        },
        {
          "type": "image",
          "assetId": "5VaJX0nf1qZh",
          "checksum": "9120078127db3779361222a145d8105b"
        },
        {
          "type": "image",
          "assetId": "O2YMSPzO7Fmu",
          "checksum": "c6edb08bfe52ff30d83f69b9e34586be"
        },
        {
          "type": "image",
          "assetId": "zbs9b60bUjHX",
          "checksum": "8b673a475cd29b103579af12a7d66c82"
        },
        {
          "type": "image",
          "assetId": "Dtu4LzHWBo-l",
          "checksum": "a031977f58a5331023ab24efdee9b4f2"
        },
        {
          "type": "image",
          "assetId": "vC0vu-RAtFfp",
          "checksum": "0b0d99687bc5a8844178c77956ab56ba"
        },
        {
          "type": "image",
          "assetId": "FxbNdvHv6GkH",
          "checksum": "627cc75f70507c2bc18594371bba7fa5"
        },
        {
          "type": "image",
          "assetId": "Faxiws4lo2Gk",
          "checksum": "a62368878f9455b3545569d6b1e2bbeb"
        },
        {
          "type": "image",
          "assetId": "NDDJ8J1lVE3p",
          "checksum": "bf709b2e2b30f62d5da66f4b5f6a9be5"
        },
        {
          "type": "image",
          "assetId": "lJN0JYJBhcQE",
          "checksum": "650bca535dab4061dc4fdb094b0efa78"
        },
        {
          "type": "image",
          "assetId": "PnzJiAWw33Tg",
          "checksum": "9d6bf119fbfabaf819aba9d660be3dfa"
        },
        {
          "type": "image",
          "assetId": "zQhcSeyW8gXf",
          "checksum": "aa56909b8c3d1b3d948cd2f3048e56f6"
        },
        {
          "type": "image",
          "assetId": "vr-Fd2A2k7YZ",
          "checksum": "ec53ae1050234025f433e6f8fafd6ee4"
        },
        {
          "type": "image",
          "assetId": "JFoq3qVi9GZG",
          "checksum": "e6468214ae0344ac01f2c452ad0e1170"
        },
        {
          "type": "image",
          "assetId": "cvcZYY6NgR4_",
          "checksum": "cfd6350675feba0d80edb0d5d466933b"
        },
        {
          "type": "image",
          "assetId": "FzUgsiasp_pp",
          "checksum": "629e4f7f32c40e1423980dd19906ddb2"
        },
        {
          "type": "image",
          "assetId": "eHiMRm6UoXNS",
          "checksum": "94af6b70ce8907da5a1f660f2bcaf220"
        },
        {
          "type": "image",
          "assetId": "SHQ3l909npEI",
          "checksum": "bfcd4377be7ed8b1f5232b652810c2b1"
        },
        {
          "type": "image",
          "assetId": "QBPAE1GV7Ff-",
          "checksum": "35b0eaf30661de638e6910930a23b3c4"
        },
        {
          "type": "image",
          "assetId": "ahRhWAM6VHsR",
          "checksum": "b1bd3691b4146101a8fd6c226d637a3c"
        },
        {
          "type": "image",
          "assetId": "zaFijzCOLoh8",
          "checksum": "f591d0521694e892f1678bf2085a3ba4"
        },
        {
          "type": "image",
          "assetId": "QPOl7iOoXcgl",
          "checksum": "71ef6f0c5debba93dd06680e45b7aa2c"
        },
        {
          "type": "image",
          "assetId": "Ij_6JBk6xap4",
          "checksum": "2d633d7e6bb6f3d1a88f0f550554c13b"
        },
        {
          "type": "image",
          "assetId": "qYJyTvdvjWBA",
          "checksum": "828a658e094a282a55618a43eec858cb"
        },
        {
          "type": "image",
          "assetId": "F0DqiwNxVxG6",
          "checksum": "6dbdab532de9a7d2d84e71942b9b50ff"
        },
        {
          "type": "image",
          "assetId": "OzmRyTNGBqO0",
          "checksum": "694105917f9082cd546fd8c902365c12"
        }
      ],
      "codegenVersion": "0.0.1"
    }
  ],
  "cliVersion": "0.1.331"
}
